// !$*UTF8*$!
{
	archiveVersion = 1;
	classes = {
	};
	objectVersion = 50;
	objects = {

/* Begin PBXBuildFile section */
		272CAF1C265C56770038F4E8 /* WalletFeatureApp.swift in Sources */ = {isa = PBXBuildFile; fileRef = 272CAF1B265C56770038F4E8 /* WalletFeatureApp.swift */; };
		272CAF1E265C56770038F4E8 /* ContentView.swift in Sources */ = {isa = PBXBuildFile; fileRef = 272CAF1D265C56770038F4E8 /* ContentView.swift */; };
		272CAF20265C56790038F4E8 /* Assets.xcassets in Resources */ = {isa = PBXBuildFile; fileRef = 272CAF1F265C56790038F4E8 /* Assets.xcassets */; };
		272CAF23265C56790038F4E8 /* Preview Assets.xcassets in Resources */ = {isa = PBXBuildFile; fileRef = 272CAF22265C56790038F4E8 /* Preview Assets.xcassets */; };
		27EF344B265C756F00F88A5F /* CardModel.swift in Sources */ = {isa = PBXBuildFile; fileRef = 27EF344A265C756F00F88A5F /* CardModel.swift */; };
		27EF344E265C762B00F88A5F /* CardView.swift in Sources */ = {isa = PBXBuildFile; fileRef = 27EF344D265C762B00F88A5F /* CardView.swift */; };
		27EF3451265C78D900F88A5F /* WalletView.swift in Sources */ = {isa = PBXBuildFile; fileRef = 27EF3450265C78D900F88A5F /* WalletView.swift */; };
/* End PBXBuildFile section */

/* Begin PBXFileReference section */
		272CAF18265C56770038F4E8 /* WalletFeature.app */ = {isa = PBXFileReference; explicitFileType = wrapper.application; includeInIndex = 0; path = WalletFeature.app; sourceTree = BUILT_PRODUCTS_DIR; };
		272CAF1B265C56770038F4E8 /* WalletFeatureApp.swift */ = {isa = PBXFileReference; lastKnownFileType = sourcecode.swift; path = WalletFeatureApp.swift; sourceTree = "<group>"; };
		272CAF1D265C56770038F4E8 /* ContentView.swift */ = {isa = PBXFileReference; lastKnownFileType = sourcecode.swift; path = ContentView.swift; sourceTree = "<group>"; };
		272CAF1F265C56790038F4E8 /* Assets.xcassets */ = {isa = PBXFileReference; lastKnownFileType = folder.assetcatalog; path = Assets.xcassets; sourceTree = "<group>"; };
		272CAF22265C56790038F4E8 /* Preview Assets.xcassets */ = {isa = PBXFileReference; lastKnownFileType = folder.assetcatalog; path = "Preview Assets.xcassets"; sourceTree = "<group>"; };
		272CAF24265C56790038F4E8 /* Info.plist */ = {isa = PBXFileReference; lastKnownFileType = text.plist.xml; path = Info.plist; sourceTree = "<group>"; };
		27EF344A265C756F00F88A5F /* CardModel.swift */ = {isa = PBXFileReference; lastKnownFileType = sourcecode.swift; path = CardModel.swift; sourceTree = "<group>"; };
		27EF344D265C762B00F88A5F /* CardView.swift */ = {isa = PBXFileReference; lastKnownFileType = sourcecode.swift; path = CardView.swift; sourceTree = "<group>"; };
		27EF3450265C78D900F88A5F /* WalletView.swift */ = {isa = PBXFileReference; lastKnownFileType = sourcecode.swift; path = WalletView.swift; sourceTree = "<group>"; };
/* End PBXFileReference section */

/* Begin PBXFrameworksBuildPhase section */
		272CAF15265C56770038F4E8 /* Frameworks */ = {
			isa = PBXFrameworksBuildPhase;
			buildActionMask = 2147483647;
			files = (
			);
			runOnlyForDeploymentPostprocessing = 0;
		};
/* End PBXFrameworksBuildPhase section */

/* Begin PBXGroup section */
		272CAF0F265C56760038F4E8 = {
			isa = PBXGroup;
			children = (
				272CAF1A265C56770038F4E8 /* WalletFeature */,
				272CAF19265C56770038F4E8 /* Products */,
			);
			sourceTree = "<group>";
		};
		272CAF19265C56770038F4E8 /* Products */ = {
			isa = PBXGroup;
			children = (
				272CAF18265C56770038F4E8 /* WalletFeature.app */,
			);
			name = Products;
			sourceTree = "<group>";
		};
		272CAF1A265C56770038F4E8 /* WalletFeature */ = {
			isa = PBXGroup;
			children = (
				272CAF1F265C56790038F4E8 /* Assets.xcassets */,
				272CAF24265C56790038F4E8 /* Info.plist */,
				276DB64C265C93EB00CF8FC6 /* App */,
				27EF344D265C762B00F88A5F /* CardView.swift */,
				276DB64D265C93F400CF8FC6 /* Model */,
				276DB64E265C93FB00CF8FC6 /* View */,
				272CAF21265C56790038F4E8 /* Preview Content */,
			);
			path = WalletFeature;
			sourceTree = "<group>";
		};
		272CAF21265C56790038F4E8 /* Preview Content */ = {
			isa = PBXGroup;
			children = (
				272CAF22265C56790038F4E8 /* Preview Assets.xcassets */,
			);
			path = "Preview Content";
			sourceTree = "<group>";
		};
		276DB64C265C93EB00CF8FC6 /* App */ = {
			isa = PBXGroup;
			children = (
				272CAF1B265C56770038F4E8 /* WalletFeatureApp.swift */,
				272CAF1D265C56770038F4E8 /* ContentView.swift */,
			);
			path = App;
			sourceTree = "<group>";
		};
		276DB64D265C93F400CF8FC6 /* Model */ = {
			isa = PBXGroup;
			children = (
				27EF344A265C756F00F88A5F /* CardModel.swift */,
			);
			path = Model;
			sourceTree = "<group>";
		};
		276DB64E265C93FB00CF8FC6 /* View */ = {
			isa = PBXGroup;
			children = (
				27EF3450265C78D900F88A5F /* WalletView.swift */,
			);
			path = View;
			sourceTree = "<group>";
		};
/* End PBXGroup section */

/* Begin PBXNativeTarget section */
		272CAF17265C56770038F4E8 /* WalletFeature */ = {
			isa = PBXNativeTarget;
			buildConfigurationList = 272CAF27265C56790038F4E8 /* Build configuration list for PBXNativeTarget "WalletFeature" */;
			buildPhases = (
				272CAF14265C56770038F4E8 /* Sources */,
				272CAF15265C56770038F4E8 /* Frameworks */,
				272CAF16265C56770038F4E8 /* Resources */,
			);
			buildRules = (
			);
			dependencies = (
			);
			name = WalletFeature;
			productName = WalletFeature;
			productReference = 272CAF18265C56770038F4E8 /* WalletFeature.app */;
			productType = "com.apple.product-type.application";
		};
/* End PBXNativeTarget section */

/* Begin PBXProject section */
		272CAF10265C56760038F4E8 /* Project object */ = {
			isa = PBXProject;
			attributes = {
				LastSwiftUpdateCheck = 1240;
				LastUpgradeCheck = 1240;
				TargetAttributes = {
					272CAF17265C56770038F4E8 = {
						CreatedOnToolsVersion = 12.4;
					};
				};
			};
			buildConfigurationList = 272CAF13265C56760038F4E8 /* Build configuration list for PBXProject "WalletFeature" */;
			compatibilityVersion = "Xcode 9.3";
			developmentRegion = en;
			hasScannedForEncodings = 0;
			knownRegions = (
				en,
				Base,
			);
			mainGroup = 272CAF0F265C56760038F4E8;
			productRefGroup = 272CAF19265C56770038F4E8 /* Products */;
			projectDirPath = "";
			projectRoot = "";
			targets = (
				272CAF17265C56770038F4E8 /* WalletFeature */,
			);
		};
/* End PBXProject section */

/* Begin PBXResourcesBuildPhase section */
		272CAF16265C56770038F4E8 /* Resources */ = {
			isa = PBXResourcesBuildPhase;
			buildActionMask = 2147483647;
			files = (
				272CAF23265C56790038F4E8 /* Preview Assets.xcassets in Resources */,
				272CAF20265C56790038F4E8 /* Assets.xcassets in Resources */,
			);
			runOnlyForDeploymentPostprocessing = 0;
		};
/* End PBXResourcesBuildPhase section */

/* Begin PBXSourcesBuildPhase section */
		272CAF14265C56770038F4E8 /* Sources */ = {
			isa = PBXSourcesBuildPhase;
			buildActionMask = 2147483647;
			files = (
				272CAF1E265C56770038F4E8 /* ContentView.swift in Sources */,
				27EF3451265C78D900F88A5F /* WalletView.swift in Sources */,
				272CAF1C265C56770038F4E8 /* WalletFeatureApp.swift in Sources */,
				27EF344E265C762B00F88A5F /* CardView.swift in Sources */,
				27EF344B265C756F00F88A5F /* CardModel.swift in Sources */,
			);
			runOnlyForDeploymentPostprocessing = 0;
		};
/* End PBXSourcesBuildPhase section */

/* Begin XCBuildConfiguration section */
		272CAF25265C56790038F4E8 /* Debug */ = {
			isa = XCBuildConfiguration;
			buildSettings = {
				ALWAYS_SEARCH_USER_PATHS = NO;
				CLANG_ANALYZER_NONNULL = YES;
				CLANG_ANALYZER_NUMBER_OBJECT_CONVERSION = YES_AGGRESSIVE;
				CLANG_CXX_LANGUAGE_STANDARD = "gnu++14";
				CLANG_CXX_LIBRARY = "libc++";
				CLANG_ENABLE_MODULES = YES;
				CLANG_ENABLE_OBJC_ARC = YES;
				CLANG_ENABLE_OBJC_WEAK = YES;
				CLANG_WARN_BLOCK_CAPTURE_AUTORELEASING = YES;
				CLANG_WARN_BOOL_CONVERSION = YES;
				CLANG_WARN_COMMA = YES;
				CLANG_WARN_CONSTANT_CONVERSION = YES;
				CLANG_WARN_DEPRECATED_OBJC_IMPLEMENTATIONS = YES;
				CLANG_WARN_DIRECT_OBJC_ISA_USAGE = YES_ERROR;
				CLANG_WARN_DOCUMENTATION_COMMENTS = YES;
				CLANG_WARN_EMPTY_BODY = YES;
				CLANG_WARN_ENUM_CONVERSION = YES;
				CLANG_WARN_INFINITE_RECURSION = YES;
				CLANG_WARN_INT_CONVERSION = YES;
				CLANG_WARN_NON_LITERAL_NULL_CONVERSION = YES;
				CLANG_WARN_OBJC_IMPLICIT_RETAIN_SELF = YES;
				CLANG_WARN_OBJC_LITERAL_CONVERSION = YES;
				CLANG_WARN_OBJC_ROOT_CLASS = YES_ERROR;
				CLANG_WARN_QUOTED_INCLUDE_IN_FRAMEWORK_HEADER = YES;
				CLANG_WARN_RANGE_LOOP_ANALYSIS = YES;
				CLANG_WARN_STRICT_PROTOTYPES = YES;
				CLANG_WARN_SUSPICIOUS_MOVE = YES;
				CLANG_WARN_UNGUARDED_AVAILABILITY = YES_AGGRESSIVE;
				CLANG_WARN_UNREACHABLE_CODE = YES;
				CLANG_WARN__DUPLICATE_METHOD_MATCH = YES;
				COPY_PHASE_STRIP = NO;
				DEBUG_INFORMATION_FORMAT = dwarf;
				ENABLE_STRICT_OBJC_MSGSEND = YES;
				ENABLE_TESTABILITY = YES;
				GCC_C_LANGUAGE_STANDARD = gnu11;
				GCC_DYNAMIC_NO_PIC = NO;
				GCC_NO_COMMON_BLOCKS = YES;
				GCC_OPTIMIZATION_LEVEL = 0;
				GCC_PREPROCESSOR_DEFINITIONS = (
					"DEBUG=1",
					"$(inherited)",
				);
				GCC_WARN_64_TO_32_BIT_CONVERSION = YES;
				GCC_WARN_ABOUT_RETURN_TYPE = YES_ERROR;
				GCC_WARN_UNDECLARED_SELECTOR = YES;
				GCC_WARN_UNINITIALIZED_AUTOS = YES_AGGRESSIVE;
				GCC_WARN_UNUSED_FUNCTION = YES;
				GCC_WARN_UNUSED_VARIABLE = YES;
				IPHONEOS_DEPLOYMENT_TARGET = 14.4;
				MTL_ENABLE_DEBUG_INFO = INCLUDE_SOURCE;
				MTL_FAST_MATH = YES;
				ONLY_ACTIVE_ARCH = YES;
				SDKROOT = iphoneos;
				SWIFT_ACTIVE_COMPILATION_CONDITIONS = DEBUG;
				SWIFT_OPTIMIZATION_LEVEL = "-Onone";
			};
			name = Debug;
		};
		272CAF26265C56790038F4E8 /* Release */ = {
			isa = XCBuildConfiguration;
			buildSettings = {
				ALWAYS_SEARCH_USER_PATHS = NO;
				CLANG_ANALYZER_NONNULL = YES;
				CLANG_ANALYZER_NUMBER_OBJECT_CONVERSION = YES_AGGRESSIVE;
				CLANG_CXX_LANGUAGE_STANDARD = "gnu++14";
				CLANG_CXX_LIBRARY = "libc++";
				CLANG_ENABLE_MODULES = YES;
				CLANG_ENABLE_OBJC_ARC = YES;
				CLANG_ENABLE_OBJC_WEAK = YES;
				CLANG_WARN_BLOCK_CAPTURE_AUTORELEASING = YES;
				CLANG_WARN_BOOL_CONVERSION = YES;
				CLANG_WARN_COMMA = YES;
				CLANG_WARN_CONSTANT_CONVERSION = YES;
				CLANG_WARN_DEPRECATED_OBJC_IMPLEMENTATIONS = YES;
				CLANG_WARN_DIRECT_OBJC_ISA_USAGE = YES_ERROR;
				CLANG_WARN_DOCUMENTATION_COMMENTS = YES;
				CLANG_WARN_EMPTY_BODY = YES;
				CLANG_WARN_ENUM_CONVERSION = YES;
				CLANG_WARN_INFINITE_RECURSION = YES;
				CLANG_WARN_INT_CONVERSION = YES;
				CLANG_WARN_NON_LITERAL_NULL_CONVERSION = YES;
				CLANG_WARN_OBJC_IMPLICIT_RETAIN_SELF = YES;
				CLANG_WARN_OBJC_LITERAL_CONVERSION = YES;
				CLANG_WARN_OBJC_ROOT_CLASS = YES_ERROR;
				CLANG_WARN_QUOTED_INCLUDE_IN_FRAMEWORK_HEADER = YES;
				CLANG_WARN_RANGE_LOOP_ANALYSIS = YES;
				CLANG_WARN_STRICT_PROTOTYPES = YES;
				CLANG_WARN_SUSPICIOUS_MOVE = YES;
				CLANG_WARN_UNGUARDED_AVAILABILITY = YES_AGGRESSIVE;
				CLANG_WARN_UNREACHABLE_CODE = YES;
				CLANG_WARN__DUPLICATE_METHOD_MATCH = YES;
				COPY_PHASE_STRIP = NO;
				DEBUG_INFORMATION_FORMAT = "dwarf-with-dsym";
				ENABLE_NS_ASSERTIONS = NO;
				ENABLE_STRICT_OBJC_MSGSEND = YES;
				GCC_C_LANGUAGE_STANDARD = gnu11;
				GCC_NO_COMMON_BLOCKS = YES;
				GCC_WARN_64_TO_32_BIT_CONVERSION = YES;
				GCC_WARN_ABOUT_RETURN_TYPE = YES_ERROR;
				GCC_WARN_UNDECLARED_SELECTOR = YES;
				GCC_WARN_UNINITIALIZED_AUTOS = YES_AGGRESSIVE;
				GCC_WARN_UNUSED_FUNCTION = YES;
				GCC_WARN_UNUSED_VARIABLE = YES;
				IPHONEOS_DEPLOYMENT_TARGET = 14.4;
				MTL_ENABLE_DEBUG_INFO = NO;
				MTL_FAST_MATH = YES;
				SDKROOT = iphoneos;
				SWIFT_COMPILATION_MODE = wholemodule;
				SWIFT_OPTIMIZATION_LEVEL = "-O";
				VALIDATE_PRODUCT = YES;
			};
			name = Release;
		};
		272CAF28265C56790038F4E8 /* Debug */ = {
			isa = XCBuildConfiguration;
			buildSettings = {
				ASSETCATALOG_COMPILER_APPICON_NAME = AppIcon;
				ASSETCATALOG_COMPILER_GLOBAL_ACCENT_COLOR_NAME = AccentColor;
				CODE_SIGN_STYLE = Automatic;
				DEVELOPMENT_ASSET_PATHS = "\"WalletFeature/Preview Content\"";
				DEVELOPMENT_TEAM = KPPGXZ3Y59;
				ENABLE_PREVIEWS = YES;
				INFOPLIST_FILE = WalletFeature/Info.plist;
				IPHONEOS_DEPLOYMENT_TARGET = 14.0;
				LD_RUNPATH_SEARCH_PATHS = (
					"$(inherited)",
					"@executable_path/Frameworks",
				);
				PRODUCT_BUNDLE_IDENTIFIER = com.layunta.WalletFeature;
				PRODUCT_NAME = "$(TARGET_NAME)";
				SWIFT_VERSION = 5.0;
				TARGETED_DEVICE_FAMILY = "1,2";
			};
			name = Debug;
		};
		272CAF29265C56790038F4E8 /* Release */ = {
			isa = XCBuildConfiguration;
			buildSettings = {
				ASSETCATALOG_COMPILER_APPICON_NAME = AppIcon;
				ASSETCATALOG_COMPILER_GLOBAL_ACCENT_COLOR_NAME = AccentColor;
				CODE_SIGN_STYLE = Automatic;
				DEVELOPMENT_ASSET_PATHS = "\"WalletFeature/Preview Content\"";
				DEVELOPMENT_TEAM = KPPGXZ3Y59;
				ENABLE_PREVIEWS = YES;
				INFOPLIST_FILE = WalletFeature/Info.plist;
				IPHONEOS_DEPLOYMENT_TARGET = 14.0;
				LD_RUNPATH_SEARCH_PATHS = (
					"$(inherited)",
					"@executable_path/Frameworks",
				);
				PRODUCT_BUNDLE_IDENTIFIER = com.layunta.WalletFeature;
				PRODUCT_NAME = "$(TARGET_NAME)";
				SWIFT_VERSION = 5.0;
				TARGETED_DEVICE_FAMILY = "1,2";
			};
			name = Release;
		};
/* End XCBuildConfiguration section */

/* Begin XCConfigurationList section */
		272CAF13265C56760038F4E8 /* Build configuration list for PBXProject "WalletFeature" */ = {
			isa = XCConfigurationList;
			buildConfigurations = (
				272CAF25265C56790038F4E8 /* Debug */,
				272CAF26265C56790038F4E8 /* Release */,
			);
			defaultConfigurationIsVisible = 0;
			defaultConfigurationName = Release;
		};
		272CAF27265C56790038F4E8 /* Build configuration list for PBXNativeTarget "WalletFeature" */ = {
			isa = XCConfigurationList;
			buildConfigurations = (
				272CAF28265C56790038F4E8 /* Debug */,
				272CAF29265C56790038F4E8 /* Release */,
			);
			defaultConfigurationIsVisible = 0;
			defaultConfigurationName = Release;
		};
/* End XCConfigurationList section */
	};
	rootObject = 272CAF10265C56760038F4E8 /* Project object */;
}
